
Microsoft Visual Studio Solution File, Format Version 11.00
# Visual Studio 2010
Project("{FAE04EC0-301F-11D3-BF4B-00C04F79EFBC}") = "Assembly-CSharp", "Assembly-CSharp.csproj", "{45FFD036-D76E-78E0-0585-44A378A7B427}"
EndProject
Project("{FAE04EC0-301F-11D3-BF4B-00C04F79EFBC}") = "Assembly-CSharp-Editor", "Assembly-CSharp-Editor.csproj", "{D7F54FCA-7B58-1BA5-073E-E2787A778A97}"
EndProject
Global
	GlobalSection(SolutionConfigurationPlatforms) = preSolution
		Debug|Any CPU = Debug|Any CPU
		Release|Any CPU = Release|Any CPU
	EndGlobalSection
	GlobalSection(ProjectConfigurationPlatforms) = postSolution
		{45FFD036-D76E-78E0-0585-44A378A7B427}.Debug|Any CPU.ActiveCfg = Debug|Any CPU
		{45FFD036-D76E-78E0-0585-44A378A7B427}.Debug|Any CPU.Build.0 = Debug|Any CPU
		{45FFD036-D76E-78E0-0585-44A378A7B427}.Release|Any CPU.ActiveCfg = Release|Any CPU
		{45FFD036-D76E-78E0-0585-44A378A7B427}.Release|Any CPU.Build.0 = Release|Any CPU
		{D7F54FCA-7B58-1BA5-073E-E2787A778A97}.Debug|Any CPU.ActiveCfg = Debug|Any CPU
		{D7F54FCA-7B58-1BA5-073E-E2787A778A97}.Debug|Any CPU.Build.0 = Debug|Any CPU
		{D7F54FCA-7B58-1BA5-073E-E2787A778A97}.Release|Any CPU.ActiveCfg = Release|Any CPU
		{D7F54FCA-7B58-1BA5-073E-E2787A778A97}.Release|Any CPU.Build.0 = Release|Any CPU
	EndGlobalSection
	GlobalSection(SolutionProperties) = preSolution
		HideSolutionNode = FALSE
	EndGlobalSection
	GlobalSection(MonoDevelopProperties) = preSolution
		StartupItem = Assembly-CSharp.csproj
	EndGlobalSection
EndGlobal
